
Microsoft Visual Studio Solution File, Format Version 12.00
# Visual Studio Version 17
VisualStudioVersion = 17.5.002.0
MinimumVisualStudioVersion = 10.0.40219.1
Project("{9A19103F-16F7-4668-BE54-9A1E7A4F7556}") = "BudgifyAPI.Auth", "BudgifyAPI.Auth.csproj", "{40B20A0E-3ADB-4B61-BABB-49F4D761A015}"
EndProject
Global
	GlobalSection(SolutionConfigurationPlatforms) = preSolution
		Debug|Any CPU = Debug|Any CPU
		Release|Any CPU = Release|Any CPU
	EndGlobalSection
	GlobalSection(ProjectConfigurationPlatforms) = postSolution
		{40B20A0E-3ADB-4B61-BABB-49F4D761A015}.Debug|Any CPU.ActiveCfg = Debug|Any CPU
		{40B20A0E-3ADB-4B61-BABB-49F4D761A015}.Debug|Any CPU.Build.0 = Debug|Any CPU
		{40B20A0E-3ADB-4B61-BABB-49F4D761A015}.Release|Any CPU.ActiveCfg = Release|Any CPU
		{40B20A0E-3ADB-4B61-BABB-49F4D761A015}.Release|Any CPU.Build.0 = Release|Any CPU
	EndGlobalSection
	GlobalSection(SolutionProperties) = preSolution
		HideSolutionNode = FALSE
	EndGlobalSection
	GlobalSection(ExtensibilityGlobals) = postSolution
		SolutionGuid = {A4F383FF-13E6-47FB-B089-EA8761095720}
	EndGlobalSection
EndGlobal
