
Microsoft Visual Studio Solution File, Format Version 12.00
# Visual Studio Version 17
VisualStudioVersion = 17.0.31903.59
MinimumVisualStudioVersion = 10.0.40219.1
Project("{FAE04EC0-301F-11D3-BF4B-00C04F79EFBC}") = "BudgifyAPI.Transactions", "BudgifyAPI.Transactions\BudgifyAPI.Transactions.csproj", "{C56720F3-987C-4771-B477-D800C7E56525}"
EndProject
Project("{FAE04EC0-301F-11D3-BF4B-00C04F79EFBC}") = "BudgifyAPI.Auth.CA", "BudgifyAPI.Auth.CA\BudgifyAPI.Auth.CA.csproj", "{4CEE4718-9C03-4F0D-954F-E8FF1EF2A74C}"
EndProject
Project("{FAE04EC0-301F-11D3-BF4B-00C04F79EFBC}") = "BudgifyAPI.Accounts.CA", "BudgifyAPI.Accounts.CA\BudgifyAPI.Accounts.CA.csproj", "{339DDF44-EFFB-45A7-85C3-7FA94C06132F}"
EndProject
Project("{FAE04EC0-301F-11D3-BF4B-00C04F79EFBC}") = "BudgifyAPI.Gateway", "BudgifyAPI.Gateway\BudgifyAPI.Gateway.csproj", "{75361287-7BB5-4007-86D0-4AF50B91B29A}"
EndProject
Project("{FAE04EC0-301F-11D3-BF4B-00C04F79EFBC}") = "BudgifyAPI.Wallets.CA", "BudgifyAPI.Wallets.CA\BudgifyAPI.Wallets.CA.csproj", "{ED31ACA4-5AF4-43C7-8A22-101768B85FC4}"
EndProject
Global
	GlobalSection(SolutionConfigurationPlatforms) = preSolution
		Debug|Any CPU = Debug|Any CPU
		Release|Any CPU = Release|Any CPU
	EndGlobalSection
	GlobalSection(SolutionProperties) = preSolution
		HideSolutionNode = FALSE
	EndGlobalSection
	GlobalSection(ProjectConfigurationPlatforms) = postSolution
		{C56720F3-987C-4771-B477-D800C7E56525}.Debug|Any CPU.ActiveCfg = Debug|Any CPU
		{C56720F3-987C-4771-B477-D800C7E56525}.Debug|Any CPU.Build.0 = Debug|Any CPU
		{C56720F3-987C-4771-B477-D800C7E56525}.Release|Any CPU.ActiveCfg = Release|Any CPU
		{C56720F3-987C-4771-B477-D800C7E56525}.Release|Any CPU.Build.0 = Release|Any CPU
		{4CEE4718-9C03-4F0D-954F-E8FF1EF2A74C}.Debug|Any CPU.ActiveCfg = Debug|Any CPU
		{4CEE4718-9C03-4F0D-954F-E8FF1EF2A74C}.Debug|Any CPU.Build.0 = Debug|Any CPU
		{4CEE4718-9C03-4F0D-954F-E8FF1EF2A74C}.Release|Any CPU.ActiveCfg = Release|Any CPU
		{4CEE4718-9C03-4F0D-954F-E8FF1EF2A74C}.Release|Any CPU.Build.0 = Release|Any CPU
		{339DDF44-EFFB-45A7-85C3-7FA94C06132F}.Debug|Any CPU.ActiveCfg = Debug|Any CPU
		{339DDF44-EFFB-45A7-85C3-7FA94C06132F}.Debug|Any CPU.Build.0 = Debug|Any CPU
		{339DDF44-EFFB-45A7-85C3-7FA94C06132F}.Release|Any CPU.ActiveCfg = Release|Any CPU
		{339DDF44-EFFB-45A7-85C3-7FA94C06132F}.Release|Any CPU.Build.0 = Release|Any CPU
		{75361287-7BB5-4007-86D0-4AF50B91B29A}.Debug|Any CPU.ActiveCfg = Debug|Any CPU
		{75361287-7BB5-4007-86D0-4AF50B91B29A}.Debug|Any CPU.Build.0 = Debug|Any CPU
		{75361287-7BB5-4007-86D0-4AF50B91B29A}.Release|Any CPU.ActiveCfg = Release|Any CPU
		{75361287-7BB5-4007-86D0-4AF50B91B29A}.Release|Any CPU.Build.0 = Release|Any CPU
		{ED31ACA4-5AF4-43C7-8A22-101768B85FC4}.Debug|Any CPU.ActiveCfg = Debug|Any CPU
		{ED31ACA4-5AF4-43C7-8A22-101768B85FC4}.Debug|Any CPU.Build.0 = Debug|Any CPU
		{ED31ACA4-5AF4-43C7-8A22-101768B85FC4}.Release|Any CPU.ActiveCfg = Release|Any CPU
		{ED31ACA4-5AF4-43C7-8A22-101768B85FC4}.Release|Any CPU.Build.0 = Release|Any CPU
	EndGlobalSection
EndGlobal
