
Microsoft Visual Studio Solution File, Format Version 12.00
# Visual Studio Version 17
VisualStudioVersion = 17.5.002.0
MinimumVisualStudioVersion = 10.0.40219.1
Project("{9A19103F-16F7-4668-BE54-9A1E7A4F7556}") = "BudgifyAPI.Auth.CA", "BudgifyAPI.Auth.CA.csproj", "{980D021E-8068-4EF7-AEE4-0C54221471EB}"
EndProject
Global
	GlobalSection(SolutionConfigurationPlatforms) = preSolution
		Debug|Any CPU = Debug|Any CPU
		Release|Any CPU = Release|Any CPU
	EndGlobalSection
	GlobalSection(ProjectConfigurationPlatforms) = postSolution
		{980D021E-8068-4EF7-AEE4-0C54221471EB}.Debug|Any CPU.ActiveCfg = Debug|Any CPU
		{980D021E-8068-4EF7-AEE4-0C54221471EB}.Debug|Any CPU.Build.0 = Debug|Any CPU
		{980D021E-8068-4EF7-AEE4-0C54221471EB}.Release|Any CPU.ActiveCfg = Release|Any CPU
		{980D021E-8068-4EF7-AEE4-0C54221471EB}.Release|Any CPU.Build.0 = Release|Any CPU
	EndGlobalSection
	GlobalSection(SolutionProperties) = preSolution
		HideSolutionNode = FALSE
	EndGlobalSection
	GlobalSection(ExtensibilityGlobals) = postSolution
		SolutionGuid = {40AD60F2-340E-4F96-95B4-83C550F46C4B}
	EndGlobalSection
EndGlobal
